
Microsoft Visual Studio Solution File, Format Version 12.00
# Visual Studio Version 17
VisualStudioVersion = 17.3.32819.101
MinimumVisualStudioVersion = 10.0.40219.1
Project("{9A19103F-16F7-4668-BE54-9A1E7A4F7556}") = "TcpEjercicio1", "TcpEjercicio1\TcpEjercicio1.csproj", "{6857A18F-737A-4E43-A0C0-5C390ABF728E}"
EndProject
Project("{9A19103F-16F7-4668-BE54-9A1E7A4F7556}") = "TcpEjercicio1Cliente", "TcpEjercicio1Cliente\TcpEjercicio1Cliente.csproj", "{47614FE4-E378-47A6-AA74-A48DCE6A30C5}"
EndProject
Project("{9A19103F-16F7-4668-BE54-9A1E7A4F7556}") = "ListaUsuariosConectados", "ListaUsuariosConectados\ListaUsuariosConectados.csproj", "{99DBF1C6-6F78-4E73-B974-40CDD05F1607}"
EndProject
Project("{2150E333-8FDC-42A3-9474-1A3956D46DE8}") = "HTTP", "HTTP", "{7044BB62-76C4-460D-8B86-D7DDEFB01E6E}"
EndProject
Project("{FAE04EC0-301F-11D3-BF4B-00C04F79EFBC}") = "HttpServerEjemplo", "HttpServerEjemplo\HttpServerEjemplo.csproj", "{42CD820D-6C8D-43E6-8255-1B6D2D0AC05F}"
EndProject
Global
	GlobalSection(SolutionConfigurationPlatforms) = preSolution
		Debug|Any CPU = Debug|Any CPU
		Release|Any CPU = Release|Any CPU
	EndGlobalSection
	GlobalSection(ProjectConfigurationPlatforms) = postSolution
		{6857A18F-737A-4E43-A0C0-5C390ABF728E}.Debug|Any CPU.ActiveCfg = Debug|Any CPU
		{6857A18F-737A-4E43-A0C0-5C390ABF728E}.Debug|Any CPU.Build.0 = Debug|Any CPU
		{6857A18F-737A-4E43-A0C0-5C390ABF728E}.Release|Any CPU.ActiveCfg = Release|Any CPU
		{6857A18F-737A-4E43-A0C0-5C390ABF728E}.Release|Any CPU.Build.0 = Release|Any CPU
		{47614FE4-E378-47A6-AA74-A48DCE6A30C5}.Debug|Any CPU.ActiveCfg = Debug|Any CPU
		{47614FE4-E378-47A6-AA74-A48DCE6A30C5}.Debug|Any CPU.Build.0 = Debug|Any CPU
		{47614FE4-E378-47A6-AA74-A48DCE6A30C5}.Release|Any CPU.ActiveCfg = Release|Any CPU
		{47614FE4-E378-47A6-AA74-A48DCE6A30C5}.Release|Any CPU.Build.0 = Release|Any CPU
		{99DBF1C6-6F78-4E73-B974-40CDD05F1607}.Debug|Any CPU.ActiveCfg = Debug|Any CPU
		{99DBF1C6-6F78-4E73-B974-40CDD05F1607}.Debug|Any CPU.Build.0 = Debug|Any CPU
		{99DBF1C6-6F78-4E73-B974-40CDD05F1607}.Release|Any CPU.ActiveCfg = Release|Any CPU
		{99DBF1C6-6F78-4E73-B974-40CDD05F1607}.Release|Any CPU.Build.0 = Release|Any CPU
		{42CD820D-6C8D-43E6-8255-1B6D2D0AC05F}.Debug|Any CPU.ActiveCfg = Debug|Any CPU
		{42CD820D-6C8D-43E6-8255-1B6D2D0AC05F}.Debug|Any CPU.Build.0 = Debug|Any CPU
		{42CD820D-6C8D-43E6-8255-1B6D2D0AC05F}.Release|Any CPU.ActiveCfg = Release|Any CPU
		{42CD820D-6C8D-43E6-8255-1B6D2D0AC05F}.Release|Any CPU.Build.0 = Release|Any CPU
	EndGlobalSection
	GlobalSection(SolutionProperties) = preSolution
		HideSolutionNode = FALSE
	EndGlobalSection
	GlobalSection(NestedProjects) = preSolution
		{42CD820D-6C8D-43E6-8255-1B6D2D0AC05F} = {7044BB62-76C4-460D-8B86-D7DDEFB01E6E}
	EndGlobalSection
	GlobalSection(ExtensibilityGlobals) = postSolution
		SolutionGuid = {D6B4E401-9601-4C7A-BA65-07E4788971E1}
	EndGlobalSection
EndGlobal
